
Microsoft Visual Studio Solution File, Format Version 12.00
# Visual Studio Version 17
VisualStudioVersion = 17.10.34928.147
MinimumVisualStudioVersion = 10.0.40219.1
Project("{FAE04EC0-301F-11D3-BF4B-00C04F79EFBC}") = "Disconnected", "Disconnected\Disconnected.csproj", "{10DF77A0-2C16-4EC0-A342-885691CA730D}"
EndProject
Global
	GlobalSection(SolutionConfigurationPlatforms) = preSolution
		Debug|Any CPU = Debug|Any CPU
		Release|Any CPU = Release|Any CPU
	EndGlobalSection
	GlobalSection(ProjectConfigurationPlatforms) = postSolution
		{10DF77A0-2C16-4EC0-A342-885691CA730D}.Debug|Any CPU.ActiveCfg = Debug|Any CPU
		{10DF77A0-2C16-4EC0-A342-885691CA730D}.Debug|Any CPU.Build.0 = Debug|Any CPU
		{10DF77A0-2C16-4EC0-A342-885691CA730D}.Release|Any CPU.ActiveCfg = Release|Any CPU
		{10DF77A0-2C16-4EC0-A342-885691CA730D}.Release|Any CPU.Build.0 = Release|Any CPU
	EndGlobalSection
	GlobalSection(SolutionProperties) = preSolution
		HideSolutionNode = FALSE
	EndGlobalSection
	GlobalSection(ExtensibilityGlobals) = postSolution
		SolutionGuid = {7E5EC720-961B-4845-94EA-4780A1C61DA3}
	EndGlobalSection
EndGlobal
