
Microsoft Visual Studio Solution File, Format Version 12.00
# Visual Studio Version 17
VisualStudioVersion = 17.10.34928.147
MinimumVisualStudioVersion = 10.0.40219.1
Project("{FAE04EC0-301F-11D3-BF4B-00C04F79EFBC}") = "Day_11", "Day_11\Day_11.csproj", "{87E67530-040D-4770-B365-A28BFBE5AC76}"
EndProject
Project("{FAE04EC0-301F-11D3-BF4B-00C04F79EFBC}") = "Day11_WinForm", "Day11_WinForm\Day11_WinForm.csproj", "{EC427089-D192-43A7-BBFF-C40E004E4FA3}"
EndProject
Global
	GlobalSection(SolutionConfigurationPlatforms) = preSolution
		Debug|Any CPU = Debug|Any CPU
		Release|Any CPU = Release|Any CPU
	EndGlobalSection
	GlobalSection(ProjectConfigurationPlatforms) = postSolution
		{87E67530-040D-4770-B365-A28BFBE5AC76}.Debug|Any CPU.ActiveCfg = Debug|Any CPU
		{87E67530-040D-4770-B365-A28BFBE5AC76}.Debug|Any CPU.Build.0 = Debug|Any CPU
		{87E67530-040D-4770-B365-A28BFBE5AC76}.Release|Any CPU.ActiveCfg = Release|Any CPU
		{87E67530-040D-4770-B365-A28BFBE5AC76}.Release|Any CPU.Build.0 = Release|Any CPU
		{EC427089-D192-43A7-BBFF-C40E004E4FA3}.Debug|Any CPU.ActiveCfg = Debug|Any CPU
		{EC427089-D192-43A7-BBFF-C40E004E4FA3}.Debug|Any CPU.Build.0 = Debug|Any CPU
		{EC427089-D192-43A7-BBFF-C40E004E4FA3}.Release|Any CPU.ActiveCfg = Release|Any CPU
		{EC427089-D192-43A7-BBFF-C40E004E4FA3}.Release|Any CPU.Build.0 = Release|Any CPU
	EndGlobalSection
	GlobalSection(SolutionProperties) = preSolution
		HideSolutionNode = FALSE
	EndGlobalSection
	GlobalSection(ExtensibilityGlobals) = postSolution
		SolutionGuid = {08542FD1-79C6-4502-8FE7-8E74CE59E1C5}
	EndGlobalSection
EndGlobal
