
Microsoft Visual Studio Solution File, Format Version 12.00
# Visual Studio Version 17
VisualStudioVersion = 17.10.34928.147
MinimumVisualStudioVersion = 10.0.40219.1
Project("{FAE04EC0-301F-11D3-BF4B-00C04F79EFBC}") = "XMLserialization", "XMLserialization\XMLserialization.csproj", "{FFD1BED6-A451-4479-B9B3-C36F68B0D546}"
EndProject
Global
	GlobalSection(SolutionConfigurationPlatforms) = preSolution
		Debug|Any CPU = Debug|Any CPU
		Release|Any CPU = Release|Any CPU
	EndGlobalSection
	GlobalSection(ProjectConfigurationPlatforms) = postSolution
		{FFD1BED6-A451-4479-B9B3-C36F68B0D546}.Debug|Any CPU.ActiveCfg = Debug|Any CPU
		{FFD1BED6-A451-4479-B9B3-C36F68B0D546}.Debug|Any CPU.Build.0 = Debug|Any CPU
		{FFD1BED6-A451-4479-B9B3-C36F68B0D546}.Release|Any CPU.ActiveCfg = Release|Any CPU
		{FFD1BED6-A451-4479-B9B3-C36F68B0D546}.Release|Any CPU.Build.0 = Release|Any CPU
	EndGlobalSection
	GlobalSection(SolutionProperties) = preSolution
		HideSolutionNode = FALSE
	EndGlobalSection
	GlobalSection(ExtensibilityGlobals) = postSolution
		SolutionGuid = {A6D0DDCA-5B1C-4C62-B733-C4F290997308}
	EndGlobalSection
EndGlobal
