
Microsoft Visual Studio Solution File, Format Version 12.00
# Visual Studio Version 17
VisualStudioVersion = 17.10.34928.147
MinimumVisualStudioVersion = 10.0.40219.1
Project("{FAE04EC0-301F-11D3-BF4B-00C04F79EFBC}") = "Day_7", "Day_7\Day_7.csproj", "{DA8355F0-A2ED-4B63-809A-A74EF6D4A1F2}"
EndProject
Global
	GlobalSection(SolutionConfigurationPlatforms) = preSolution
		Debug|Any CPU = Debug|Any CPU
		Release|Any CPU = Release|Any CPU
	EndGlobalSection
	GlobalSection(ProjectConfigurationPlatforms) = postSolution
		{DA8355F0-A2ED-4B63-809A-A74EF6D4A1F2}.Debug|Any CPU.ActiveCfg = Debug|Any CPU
		{DA8355F0-A2ED-4B63-809A-A74EF6D4A1F2}.Debug|Any CPU.Build.0 = Debug|Any CPU
		{DA8355F0-A2ED-4B63-809A-A74EF6D4A1F2}.Release|Any CPU.ActiveCfg = Release|Any CPU
		{DA8355F0-A2ED-4B63-809A-A74EF6D4A1F2}.Release|Any CPU.Build.0 = Release|Any CPU
	EndGlobalSection
	GlobalSection(SolutionProperties) = preSolution
		HideSolutionNode = FALSE
	EndGlobalSection
	GlobalSection(ExtensibilityGlobals) = postSolution
		SolutionGuid = {54410F28-0136-48D6-82AE-122EA0F3E8DA}
	EndGlobalSection
EndGlobal
